
Microsoft Visual Studio Solution File, Format Version 12.00
# Visual Studio 14
VisualStudioVersion = 14.0.25420.1
MinimumVisualStudioVersion = 10.0.40219.1
Project("{FAE04EC0-301F-11D3-BF4B-00C04F79EFBC}") = "VVVV.Packs.Timing", "Core\VVVV.Packs.Timing.csproj", "{C2F6EC8A-AA56-4121-B60F-72012D192835}"
EndProject
Project("{FAE04EC0-301F-11D3-BF4B-00C04F79EFBC}") = "VVVV.Packs.Timing.Nodes", "Nodes\VVVV.Packs.Timing.Nodes.csproj", "{6A0AFB1F-8219-4A08-85F7-B7F19B66AC16}"
	ProjectSection(ProjectDependencies) = postProject
		{C2F6EC8A-AA56-4121-B60F-72012D192835} = {C2F6EC8A-AA56-4121-B60F-72012D192835}
	EndProjectSection
EndProject
Global
	GlobalSection(SolutionConfigurationPlatforms) = preSolution
		Debug|Any CPU = Debug|Any CPU
		Debug|x64 = Debug|x64
		Debug|x86 = Debug|x86
		Release|Any CPU = Release|Any CPU
		Release|x64 = Release|x64
		Release|x86 = Release|x86
	EndGlobalSection
	GlobalSection(ProjectConfigurationPlatforms) = postSolution
		{C2F6EC8A-AA56-4121-B60F-72012D192835}.Debug|Any CPU.ActiveCfg = Debug|Any CPU
		{C2F6EC8A-AA56-4121-B60F-72012D192835}.Debug|Any CPU.Build.0 = Debug|Any CPU
		{C2F6EC8A-AA56-4121-B60F-72012D192835}.Release|Any CPU.ActiveCfg = Release|Any CPU
		{C2F6EC8A-AA56-4121-B60F-72012D192835}.Release|Any CPU.Build.0 = Release|Any CPU
		{6A0AFB1F-8219-4A08-85F7-B7F19B66AC16}.Debug|Any CPU.ActiveCfg = Debug|Any CPU
		{6A0AFB1F-8219-4A08-85F7-B7F19B66AC16}.Debug|Any CPU.Build.0 = Debug|Any CPU
		{6A0AFB1F-8219-4A08-85F7-B7F19B66AC16}.Release|Any CPU.ActiveCfg = Release|Any CPU
		{6A0AFB1F-8219-4A08-85F7-B7F19B66AC16}.Release|Any CPU.Build.0 = Release|Any CPU
	EndGlobalSection
	GlobalSection(SolutionProperties) = preSolution
		HideSolutionNode = FALSE
	EndGlobalSection
EndGlobal
